
Microsoft Visual Studio Solution File, Format Version 12.00
# Visual Studio 15
VisualStudioVersion = 15.0.27130.2027
MinimumVisualStudioVersion = 10.0.40219.1
Project("{FAE04EC0-301F-11D3-BF4B-00C04F79EFBC}") = "DieboldNixdorfEntryTest", "DieboldNixdorfEntryTest\DieboldNixdorfEntryTest.csproj", "{CF4A6C61-D7B2-4FAC-B9A8-45DD39478016}"
EndProject
Global
	GlobalSection(SolutionConfigurationPlatforms) = preSolution
		Debug|Any CPU = Debug|Any CPU
		Release|Any CPU = Release|Any CPU
	EndGlobalSection
	GlobalSection(ProjectConfigurationPlatforms) = postSolution
		{CF4A6C61-D7B2-4FAC-B9A8-45DD39478016}.Debug|Any CPU.ActiveCfg = Debug|Any CPU
		{CF4A6C61-D7B2-4FAC-B9A8-45DD39478016}.Debug|Any CPU.Build.0 = Debug|Any CPU
		{CF4A6C61-D7B2-4FAC-B9A8-45DD39478016}.Release|Any CPU.ActiveCfg = Release|Any CPU
		{CF4A6C61-D7B2-4FAC-B9A8-45DD39478016}.Release|Any CPU.Build.0 = Release|Any CPU
	EndGlobalSection
	GlobalSection(SolutionProperties) = preSolution
		HideSolutionNode = FALSE
	EndGlobalSection
	GlobalSection(ExtensibilityGlobals) = postSolution
		SolutionGuid = {06637429-F8C9-4D7D-89DB-356905EA0C81}
	EndGlobalSection
EndGlobal
